
Microsoft Visual Studio Solution File, Format Version 12.00
Project("{FAE04EC0-301F-11D3-BF4B-00C04F79EFBC}") = "MovieForum", "MovieForum\MovieForum.csproj", "{39A82FFA-D3E8-4C83-83C9-1A650CB202CD}"
EndProject
Global
	GlobalSection(SolutionConfigurationPlatforms) = preSolution
		Debug|Any CPU = Debug|Any CPU
		Release|Any CPU = Release|Any CPU
	EndGlobalSection
	GlobalSection(ProjectConfigurationPlatforms) = postSolution
		{39A82FFA-D3E8-4C83-83C9-1A650CB202CD}.Debug|Any CPU.ActiveCfg = Debug|Any CPU
		{39A82FFA-D3E8-4C83-83C9-1A650CB202CD}.Debug|Any CPU.Build.0 = Debug|Any CPU
		{39A82FFA-D3E8-4C83-83C9-1A650CB202CD}.Release|Any CPU.ActiveCfg = Release|Any CPU
		{39A82FFA-D3E8-4C83-83C9-1A650CB202CD}.Release|Any CPU.Build.0 = Release|Any CPU
	EndGlobalSection
EndGlobal
